
Microsoft Visual Studio Solution File, Format Version 12.00
# Visual Studio Version 16
VisualStudioVersion = 16.0.31205.134
MinimumVisualStudioVersion = 10.0.40219.1
Project("{FAE04EC0-301F-11D3-BF4B-00C04F79EFBC}") = "Default constructors", "Default constructors.csproj", "{E6730BD6-02E7-43F2-8DDB-011ADA09CFBC}"
EndProject
Global
	GlobalSection(SolutionConfigurationPlatforms) = preSolution
		Debug|Any CPU = Debug|Any CPU
		Release|Any CPU = Release|Any CPU
	EndGlobalSection
	GlobalSection(ProjectConfigurationPlatforms) = postSolution
		{E6730BD6-02E7-43F2-8DDB-011ADA09CFBC}.Debug|Any CPU.ActiveCfg = Debug|Any CPU
		{E6730BD6-02E7-43F2-8DDB-011ADA09CFBC}.Debug|Any CPU.Build.0 = Debug|Any CPU
		{E6730BD6-02E7-43F2-8DDB-011ADA09CFBC}.Release|Any CPU.ActiveCfg = Release|Any CPU
		{E6730BD6-02E7-43F2-8DDB-011ADA09CFBC}.Release|Any CPU.Build.0 = Release|Any CPU
	EndGlobalSection
	GlobalSection(SolutionProperties) = preSolution
		HideSolutionNode = FALSE
	EndGlobalSection
	GlobalSection(ExtensibilityGlobals) = postSolution
		SolutionGuid = {50AB22FF-E90A-4728-A4F9-ED0F6D756E14}
	EndGlobalSection
EndGlobal
