
Microsoft Visual Studio Solution File, Format Version 12.00
# Visual Studio Version 16
VisualStudioVersion = 16.0.31205.134
MinimumVisualStudioVersion = 10.0.40219.1
Project("{FAE04EC0-301F-11D3-BF4B-00C04F79EFBC}") = "Copy constructors", "Copy constructors.csproj", "{43D37D2C-6D3E-48DF-836E-5385C752BED0}"
EndProject
Global
	GlobalSection(SolutionConfigurationPlatforms) = preSolution
		Debug|Any CPU = Debug|Any CPU
		Release|Any CPU = Release|Any CPU
	EndGlobalSection
	GlobalSection(ProjectConfigurationPlatforms) = postSolution
		{43D37D2C-6D3E-48DF-836E-5385C752BED0}.Debug|Any CPU.ActiveCfg = Debug|Any CPU
		{43D37D2C-6D3E-48DF-836E-5385C752BED0}.Debug|Any CPU.Build.0 = Debug|Any CPU
		{43D37D2C-6D3E-48DF-836E-5385C752BED0}.Release|Any CPU.ActiveCfg = Release|Any CPU
		{43D37D2C-6D3E-48DF-836E-5385C752BED0}.Release|Any CPU.Build.0 = Release|Any CPU
	EndGlobalSection
	GlobalSection(SolutionProperties) = preSolution
		HideSolutionNode = FALSE
	EndGlobalSection
	GlobalSection(ExtensibilityGlobals) = postSolution
		SolutionGuid = {F6D1D20E-6E0B-49EF-A0F2-BC5107531350}
	EndGlobalSection
EndGlobal
